{
  "name": "bytecode",
  "version": "1.0.0",
  "lockfileVersion": 1,
  "requires": true,
  "dependencies": {
    "@types/node": {
      "version": "10.7.1",
      "resolved": "https://registry.npmjs.org/@types/node/-/node-10.7.1.tgz",
      "integrity": "sha512-EGoI4ylB/lPOaqXqtzAyL8HcgOuCtH2hkEaLmkueOYufsTFWBn4VCvlCDC2HW8Q+9iF+QVC3sxjDKQYjHQeZ9w=="
    },
    "typescript": {
      "version": "github:calebsander/TypeScript#30b5a27cf33626d716f491af5681596bc8702c49",
      "from": "github:calebsander/TypeScript#feature/bigint-lkg"
    }
  }
}
